
Microsoft Visual Studio Solution File, Format Version 12.00
# Visual Studio Version 17
VisualStudioVersion = 17.14.36127.28
MinimumVisualStudioVersion = 10.0.40219.1
Project("{FAE04EC0-301F-11D3-BF4B-00C04F79EFBC}") = "TestSystem", "TestSystem\TestSystem.csproj", "{A0B31859-A4DC-4BAE-A757-6D371F8DBBD4}"
EndProject
Global
	GlobalSection(SolutionConfigurationPlatforms) = preSolution
		Debug|Any CPU = Debug|Any CPU
		Release|Any CPU = Release|Any CPU
	EndGlobalSection
	GlobalSection(ProjectConfigurationPlatforms) = postSolution
		{A0B31859-A4DC-4BAE-A757-6D371F8DBBD4}.Debug|Any CPU.ActiveCfg = Debug|Any CPU
		{A0B31859-A4DC-4BAE-A757-6D371F8DBBD4}.Debug|Any CPU.Build.0 = Debug|Any CPU
		{A0B31859-A4DC-4BAE-A757-6D371F8DBBD4}.Release|Any CPU.ActiveCfg = Release|Any CPU
		{A0B31859-A4DC-4BAE-A757-6D371F8DBBD4}.Release|Any CPU.Build.0 = Release|Any CPU
	EndGlobalSection
	GlobalSection(SolutionProperties) = preSolution
		HideSolutionNode = FALSE
	EndGlobalSection
	GlobalSection(ExtensibilityGlobals) = postSolution
		SolutionGuid = {54766EA1-69CC-46A2-8C10-028A21F9F82A}
	EndGlobalSection
EndGlobal
